{
    "_readme": [
        "This file locks the dependencies of your project to a known state",
        "Read more about it at https://getcomposer.org/doc/01-basic-usage.md#installing-dependencies",
        "This file is @generated automatically"
    ],
    "content-hash": "39934742033903ecd8648a5cedbcc6ee",
    "packages": [
        {
            "name": "hostkurd/flocms-api",
            "version": "v1.0.0",
            "source": {
                "type": "git",
                "url": "https://github.com/hostkurd/flocms-api.git",
                "reference": "b5acb83afcab0993a1918d4ccb6399ffeba07508"
            },
            "dist": {
                "type": "zip",
                "url": "https://api.github.com/repos/hostkurd/flocms-api/zipball/b5acb83afcab0993a1918d4ccb6399ffeba07508",
                "reference": "b5acb83afcab0993a1918d4ccb6399ffeba07508",
                "shasum": ""
            },
            "require": {
                "hostkurd/flocms-core": "^2.0",
                "php": "^8.1",
                "psr/log": "^1.1 || ^2.0 || ^3.0"
            },
            "require-dev": {
                "phpunit/phpunit": "^10.5 || ^11.0"
            },
            "type": "library",
            "extra": {
                "branch-alias": {
                    "dev-main": "1.0-dev"
                }
            },
            "autoload": {
                "psr-4": {
                    "FloCMS\\Api\\": "src/"
                }
            },
            "notification-url": "https://packagist.org/downloads/",
            "license": [
                "MIT"
            ],
            "authors": [
                {
                    "name": "HostKurd"
                }
            ],
            "description": "Optional modern API runtime for Flo Framework: explicit routing, middleware, JSON errors, CORS, authentication contracts, and rate limiting.",
            "support": {
                "issues": "https://github.com/hostkurd/flocms-api/issues",
                "source": "https://github.com/hostkurd/flocms-api/tree/v1.0.0"
            },
            "time": "2026-07-25T08:31:01+00:00"
        },
        {
            "name": "hostkurd/flocms-captcha",
            "version": "v1.0.0",
            "source": {
                "type": "git",
                "url": "https://github.com/hostkurd/flocms-captcha.git",
                "reference": "6e923b730e4fbf74a7bbad72d4628565e3c76b94"
            },
            "dist": {
                "type": "zip",
                "url": "https://api.github.com/repos/hostkurd/flocms-captcha/zipball/6e923b730e4fbf74a7bbad72d4628565e3c76b94",
                "reference": "6e923b730e4fbf74a7bbad72d4628565e3c76b94",
                "shasum": ""
            },
            "require": {
                "ext-gd": "*",
                "php": ">=8.1"
            },
            "type": "library",
            "autoload": {
                "psr-4": {
                    "FloCMS\\Captcha\\": "src/"
                }
            },
            "notification-url": "https://packagist.org/downloads/",
            "license": [
                "MIT"
            ],
            "authors": [
                {
                    "name": "HostKurd"
                }
            ],
            "description": "Image captcha package for FloCMS guest form verification.",
            "keywords": [
                "captcha",
                "flocms",
                "form",
                "security",
                "verification"
            ],
            "support": {
                "issues": "https://github.com/hostkurd/flocms-captcha/issues",
                "source": "https://github.com/hostkurd/flocms-captcha/tree/v1.0.0"
            },
            "time": "2026-03-19T13:53:12+00:00"
        },
        {
            "name": "hostkurd/flocms-cli",
            "version": "v1.0.2",
            "source": {
                "type": "git",
                "url": "https://github.com/hostkurd/flocms-cli.git",
                "reference": "8527821115db96db8dd1bc06c532bee0f7e24dab"
            },
            "dist": {
                "type": "zip",
                "url": "https://api.github.com/repos/hostkurd/flocms-cli/zipball/8527821115db96db8dd1bc06c532bee0f7e24dab",
                "reference": "8527821115db96db8dd1bc06c532bee0f7e24dab",
                "shasum": ""
            },
            "require": {
                "php": "^8.0"
            },
            "bin": [
                "bin/flo"
            ],
            "type": "library",
            "autoload": {
                "psr-4": {
                    "FloCMS\\CLI\\": "src/"
                }
            },
            "notification-url": "https://packagist.org/downloads/",
            "license": [
                "MIT"
            ],
            "authors": [
                {
                    "name": "HostKurd"
                }
            ],
            "description": "Command line interface for FloCMS",
            "support": {
                "issues": "https://github.com/hostkurd/flocms-cli/issues",
                "source": "https://github.com/hostkurd/flocms-cli"
            },
            "time": "2026-03-05T23:24:09+00:00"
        },
        {
            "name": "hostkurd/flocms-core",
            "version": "v2.0.0",
            "source": {
                "type": "git",
                "url": "https://github.com/hostkurd/flocms-core.git",
                "reference": "e664c06a4ae584bdadd17abdfbb82a59acb97c7a"
            },
            "dist": {
                "type": "zip",
                "url": "https://api.github.com/repos/hostkurd/flocms-core/zipball/e664c06a4ae584bdadd17abdfbb82a59acb97c7a",
                "reference": "e664c06a4ae584bdadd17abdfbb82a59acb97c7a",
                "shasum": ""
            },
            "require": {
                "ext-pdo": "*",
                "php": "^8.1",
                "psr/log": "^1.1 || ^2.0 || ^3.0"
            },
            "require-dev": {
                "phpunit/phpunit": "^10.5 || ^11.0"
            },
            "suggest": {
                "ext-pdo_mysql": "Required by the bundled MySQL connection and module state/migration implementations.",
                "hostkurd/flocms-api": "Adds the explicit API router, middleware pipeline, JSON exception handling, CORS, and rate limiting."
            },
            "type": "library",
            "extra": {
                "branch-alias": {
                    "dev-main": "2.0-dev"
                }
            },
            "autoload": {
                "files": [
                    "src/Helpers.php"
                ],
                "psr-4": {
                    "FloCMS\\Core\\": "src/"
                }
            },
            "notification-url": "https://packagist.org/downloads/",
            "license": [
                "MIT"
            ],
            "authors": [
                {
                    "name": "HostKurd"
                }
            ],
            "description": "Core runtime for Flo Framework: application services, HTTP primitives, dependency injection, and modular architecture.",
            "support": {
                "issues": "https://github.com/hostkurd/flocms-core/issues",
                "source": "https://github.com/hostkurd/flocms-core/tree/v2.0.0"
            },
            "time": "2026-07-25T08:23:32+00:00"
        },
        {
            "name": "hostkurd/flocms-uploader",
            "version": "v1.1.0",
            "source": {
                "type": "git",
                "url": "https://github.com/hostkurd/flocms-uploader.git",
                "reference": "258cc279b22351f8b5a115e3d9fbad4fdf0d6a23"
            },
            "dist": {
                "type": "zip",
                "url": "https://api.github.com/repos/hostkurd/flocms-uploader/zipball/258cc279b22351f8b5a115e3d9fbad4fdf0d6a23",
                "reference": "258cc279b22351f8b5a115e3d9fbad4fdf0d6a23",
                "shasum": ""
            },
            "require": {
                "ext-fileinfo": "*",
                "php": ">=8.1"
            },
            "require-dev": {
                "phpunit/phpunit": "^10.5 || ^11.0"
            },
            "suggest": {
                "aws/aws-sdk-php": "Required only when using the S3 storage driver.",
                "ext-gd": "Recommended for image processing support.",
                "ext-imagick": "Recommended for higher-quality image processing support."
            },
            "type": "library",
            "autoload": {
                "psr-4": {
                    "FloCMS\\Uploader\\": "src/"
                }
            },
            "notification-url": "https://packagist.org/downloads/",
            "license": [
                "MIT"
            ],
            "authors": [
                {
                    "name": "HostKurd"
                }
            ],
            "description": "Professional file and image upload package for FloCMS with local, private and S3-ready storage drivers.",
            "keywords": [
                "flocms",
                "images",
                "s3",
                "storage",
                "upload",
                "uploader"
            ],
            "support": {
                "issues": "https://github.com/hostkurd/flocms-uploader/issues",
                "source": "https://github.com/hostkurd/flocms-uploader/tree/v1.1.0"
            },
            "time": "2026-07-25T08:35:32+00:00"
        },
        {
            "name": "psr/log",
            "version": "3.0.2",
            "source": {
                "type": "git",
                "url": "https://github.com/php-fig/log.git",
                "reference": "f16e1d5863e37f8d8c2a01719f5b34baa2b714d3"
            },
            "dist": {
                "type": "zip",
                "url": "https://api.github.com/repos/php-fig/log/zipball/f16e1d5863e37f8d8c2a01719f5b34baa2b714d3",
                "reference": "f16e1d5863e37f8d8c2a01719f5b34baa2b714d3",
                "shasum": ""
            },
            "require": {
                "php": ">=8.0.0"
            },
            "type": "library",
            "extra": {
                "branch-alias": {
                    "dev-master": "3.x-dev"
                }
            },
            "autoload": {
                "psr-4": {
                    "Psr\\Log\\": "src"
                }
            },
            "notification-url": "https://packagist.org/downloads/",
            "license": [
                "MIT"
            ],
            "authors": [
                {
                    "name": "PHP-FIG",
                    "homepage": "https://www.php-fig.org/"
                }
            ],
            "description": "Common interface for logging libraries",
            "homepage": "https://github.com/php-fig/log",
            "keywords": [
                "log",
                "psr",
                "psr-3"
            ],
            "support": {
                "source": "https://github.com/php-fig/log/tree/3.0.2"
            },
            "time": "2024-09-11T13:17:53+00:00"
        }
    ],
    "packages-dev": [],
    "aliases": [],
    "minimum-stability": "stable",
    "stability-flags": [],
    "prefer-stable": true,
    "prefer-lowest": false,
    "platform": {
        "php": "^8.0"
    },
    "platform-dev": [],
    "plugin-api-version": "2.6.0"
}
